
Microsoft Visual Studio Solution File, Format Version 12.00
# Visual Studio Version 17
VisualStudioVersion = 17.10.35027.167
MinimumVisualStudioVersion = 10.0.40219.1
Project("{9A19103F-16F7-4668-BE54-9A1E7A4F7556}") = "StravaClone.Web", "StravaClone.Web\StravaClone.Web.csproj", "{51DE97F7-C2E7-4AC7-A260-111E222888D0}"
EndProject
Project("{9A19103F-16F7-4668-BE54-9A1E7A4F7556}") = "StravaClone.Tests", "StravaClone.Tests\StravaClone.Tests.csproj", "{1876172B-07E9-44D5-B338-05E443C407CC}"
EndProject
Project("{9A19103F-16F7-4668-BE54-9A1E7A4F7556}") = "StravaClone.DataService", "StravaClone.DataService\StravaClone.DataService.csproj", "{5BF65EC4-8FEF-4BEC-882E-CD4AAA913145}"
EndProject
Project("{9A19103F-16F7-4668-BE54-9A1E7A4F7556}") = "StravaClone.Entities", "StravaClone.Entities\StravaClone.Entities.csproj", "{C81E49B2-2D69-4E2A-B6F0-DA4FD16439E2}"
EndProject
Global
	GlobalSection(SolutionConfigurationPlatforms) = preSolution
		Debug|Any CPU = Debug|Any CPU
		Release|Any CPU = Release|Any CPU
	EndGlobalSection
	GlobalSection(ProjectConfigurationPlatforms) = postSolution
		{51DE97F7-C2E7-4AC7-A260-111E222888D0}.Debug|Any CPU.ActiveCfg = Debug|Any CPU
		{51DE97F7-C2E7-4AC7-A260-111E222888D0}.Debug|Any CPU.Build.0 = Debug|Any CPU
		{51DE97F7-C2E7-4AC7-A260-111E222888D0}.Release|Any CPU.ActiveCfg = Release|Any CPU
		{51DE97F7-C2E7-4AC7-A260-111E222888D0}.Release|Any CPU.Build.0 = Release|Any CPU
		{1876172B-07E9-44D5-B338-05E443C407CC}.Debug|Any CPU.ActiveCfg = Debug|Any CPU
		{1876172B-07E9-44D5-B338-05E443C407CC}.Debug|Any CPU.Build.0 = Debug|Any CPU
		{1876172B-07E9-44D5-B338-05E443C407CC}.Release|Any CPU.ActiveCfg = Release|Any CPU
		{1876172B-07E9-44D5-B338-05E443C407CC}.Release|Any CPU.Build.0 = Release|Any CPU
		{5BF65EC4-8FEF-4BEC-882E-CD4AAA913145}.Debug|Any CPU.ActiveCfg = Debug|Any CPU
		{5BF65EC4-8FEF-4BEC-882E-CD4AAA913145}.Debug|Any CPU.Build.0 = Debug|Any CPU
		{5BF65EC4-8FEF-4BEC-882E-CD4AAA913145}.Release|Any CPU.ActiveCfg = Release|Any CPU
		{5BF65EC4-8FEF-4BEC-882E-CD4AAA913145}.Release|Any CPU.Build.0 = Release|Any CPU
		{C81E49B2-2D69-4E2A-B6F0-DA4FD16439E2}.Debug|Any CPU.ActiveCfg = Debug|Any CPU
		{C81E49B2-2D69-4E2A-B6F0-DA4FD16439E2}.Debug|Any CPU.Build.0 = Debug|Any CPU
		{C81E49B2-2D69-4E2A-B6F0-DA4FD16439E2}.Release|Any CPU.ActiveCfg = Release|Any CPU
		{C81E49B2-2D69-4E2A-B6F0-DA4FD16439E2}.Release|Any CPU.Build.0 = Release|Any CPU
	EndGlobalSection
	GlobalSection(SolutionProperties) = preSolution
		HideSolutionNode = FALSE
	EndGlobalSection
	GlobalSection(ExtensibilityGlobals) = postSolution
		SolutionGuid = {773E4D7C-A8CB-45AB-BFDC-75C88E4C50AB}
	EndGlobalSection
EndGlobal
